Microsoft Visual Studio Solution File, Format Version 8.00
Project("{8BC9CEB8-8B4A-11D0-8D11-00A0C91BC942}") = "Widgie", "Widgie.vcproj", "{D88FBA01-AF71-4247-AD0D-C105DA6D1FE0}"
	ProjectSection(ProjectDependencies) = postProject
	EndProjectSection
EndProject
Global
	GlobalSection(SolutionConfiguration) = preSolution
		Debug = Debug
		Newscast Debug = Newscast Debug
		Release = Release
	EndGlobalSection
	GlobalSection(ProjectConfiguration) = postSolution
		{D88FBA01-AF71-4247-AD0D-C105DA6D1FE0}.Debug.ActiveCfg = Debug|Win32
		{D88FBA01-AF71-4247-AD0D-C105DA6D1FE0}.Debug.Build.0 = Debug|Win32
		{D88FBA01-AF71-4247-AD0D-C105DA6D1FE0}.Newscast Debug.ActiveCfg = Newscast Debug|Win32
		{D88FBA01-AF71-4247-AD0D-C105DA6D1FE0}.Newscast Debug.Build.0 = Newscast Debug|Win32
		{D88FBA01-AF71-4247-AD0D-C105DA6D1FE0}.Release.ActiveCfg = Release|Win32
		{D88FBA01-AF71-4247-AD0D-C105DA6D1FE0}.Release.Build.0 = Release|Win32
	EndGlobalSection
	GlobalSection(ExtensibilityGlobals) = postSolution
	EndGlobalSection
	GlobalSection(ExtensibilityAddIns) = postSolution
	EndGlobalSection
EndGlobal
